
Microsoft Visual Studio Solution File, Format Version 12.00
# Visual Studio Version 17
VisualStudioVersion = 17.14.36221.1 d17.14
MinimumVisualStudioVersion = 10.0.40219.1
Project("{FAE04EC0-301F-11D3-BF4B-00C04F79EFBC}") = "EcommerceAPI", "EcommerceAPI.csproj", "{CADD252F-9C36-4F93-9320-5042A2D1199C}"
EndProject
Global
	GlobalSection(SolutionConfigurationPlatforms) = preSolution
		Debug|Any CPU = Debug|Any CPU
		Release|Any CPU = Release|Any CPU
	EndGlobalSection
	GlobalSection(ProjectConfigurationPlatforms) = postSolution
		{CADD252F-9C36-4F93-9320-5042A2D1199C}.Debug|Any CPU.ActiveCfg = Debug|Any CPU
		{CADD252F-9C36-4F93-9320-5042A2D1199C}.Debug|Any CPU.Build.0 = Debug|Any CPU
		{CADD252F-9C36-4F93-9320-5042A2D1199C}.Release|Any CPU.ActiveCfg = Release|Any CPU
		{CADD252F-9C36-4F93-9320-5042A2D1199C}.Release|Any CPU.Build.0 = Release|Any CPU
	EndGlobalSection
	GlobalSection(SolutionProperties) = preSolution
		HideSolutionNode = FALSE
	EndGlobalSection
	GlobalSection(ExtensibilityGlobals) = postSolution
		SolutionGuid = {B6631F65-91A1-448E-B0FF-5155ED18D0A2}
	EndGlobalSection
EndGlobal
